
Microsoft Visual Studio Solution File, Format Version 12.00
# Visual Studio 15
VisualStudioVersion = 15.0.27428.2037
MinimumVisualStudioVersion = 10.0.40219.1
Project("{F184B08F-C81C-45F6-A57F-5ABD9991F28F}") = "Interfaces2.0", "Interfaces2.0\Interfaces2.0.vbproj", "{C96ABDDC-63D5-42C5-A3B1-CE558D91279D}"
EndProject
Global
	GlobalSection(SolutionConfigurationPlatforms) = preSolution
		Debug|Any CPU = Debug|Any CPU
		Release|Any CPU = Release|Any CPU
	EndGlobalSection
	GlobalSection(ProjectConfigurationPlatforms) = postSolution
		{C96ABDDC-63D5-42C5-A3B1-CE558D91279D}.Debug|Any CPU.ActiveCfg = Debug|Any CPU
		{C96ABDDC-63D5-42C5-A3B1-CE558D91279D}.Debug|Any CPU.Build.0 = Debug|Any CPU
		{C96ABDDC-63D5-42C5-A3B1-CE558D91279D}.Release|Any CPU.ActiveCfg = Release|Any CPU
		{C96ABDDC-63D5-42C5-A3B1-CE558D91279D}.Release|Any CPU.Build.0 = Release|Any CPU
	EndGlobalSection
	GlobalSection(SolutionProperties) = preSolution
		HideSolutionNode = FALSE
	EndGlobalSection
	GlobalSection(ExtensibilityGlobals) = postSolution
		SolutionGuid = {3EA1DB8E-2DDA-4621-8287-C283E2E37A0C}
	EndGlobalSection
EndGlobal
